
Microsoft Visual Studio Solution File, Format Version 12.00
Project("{FAE04EC0-301F-11D3-BF4B-00C04F79EFBC}") = "Flow.Core", "Flow.Core\Flow.Core.csproj", "{21E196C8-58A4-4EA7-A68B-C907641DBAC6}"
EndProject
Global
	GlobalSection(SolutionConfigurationPlatforms) = preSolution
		Debug|Any CPU = Debug|Any CPU
		Release|Any CPU = Release|Any CPU
	EndGlobalSection
	GlobalSection(ProjectConfigurationPlatforms) = postSolution
		{21E196C8-58A4-4EA7-A68B-C907641DBAC6}.Debug|Any CPU.ActiveCfg = Debug|Any CPU
		{21E196C8-58A4-4EA7-A68B-C907641DBAC6}.Debug|Any CPU.Build.0 = Debug|Any CPU
		{21E196C8-58A4-4EA7-A68B-C907641DBAC6}.Release|Any CPU.ActiveCfg = Release|Any CPU
		{21E196C8-58A4-4EA7-A68B-C907641DBAC6}.Release|Any CPU.Build.0 = Release|Any CPU
	EndGlobalSection
EndGlobal
